// !$*UTF8*$!
{
	archiveVersion = 1;
	classes = {
	};
	objectVersion = 56;
	objects = {

/* Begin PBXBuildFile section */
		D24D830D2CEF134A00E5BF8E /* HelloCoffeeApp.swift in Sources */ = {isa = PBXBuildFile; fileRef = D24D830C2CEF134A00E5BF8E /* HelloCoffeeApp.swift */; };
		D24D830F2CEF134A00E5BF8E /* ContentView.swift in Sources */ = {isa = PBXBuildFile; fileRef = D24D830E2CEF134A00E5BF8E /* ContentView.swift */; };
		D24D83112CEF134C00E5BF8E /* Assets.xcassets in Resources */ = {isa = PBXBuildFile; fileRef = D24D83102CEF134C00E5BF8E /* Assets.xcassets */; };
		D24D83142CEF134C00E5BF8E /* Preview Assets.xcassets in Resources */ = {isa = PBXBuildFile; fileRef = D24D83132CEF134C00E5BF8E /* Preview Assets.xcassets */; };
		D24D831C2CEF136600E5BF8E /* WebService.swift in Sources */ = {isa = PBXBuildFile; fileRef = D24D831B2CEF136600E5BF8E /* WebService.swift */; };
		D24D831F2CEF13B900E5BF8E /* Order.swift in Sources */ = {isa = PBXBuildFile; fileRef = D24D831E2CEF13B900E5BF8E /* Order.swift */; };
		D24D83212CEF163B00E5BF8E /* CoffeeModel.swift in Sources */ = {isa = PBXBuildFile; fileRef = D24D83202CEF163B00E5BF8E /* CoffeeModel.swift */; };
		D24D83242CEF1ABA00E5BF8E /* NumberFormatter+Extensions.swift in Sources */ = {isa = PBXBuildFile; fileRef = D24D83232CEF1ABA00E5BF8E /* NumberFormatter+Extensions.swift */; };
		D24D83272CEF1B3100E5BF8E /* OrderCellView.swift in Sources */ = {isa = PBXBuildFile; fileRef = D24D83262CEF1B3100E5BF8E /* OrderCellView.swift */; };
		D24D832A2CEF1BB700E5BF8E /* AppEnvironment.swift in Sources */ = {isa = PBXBuildFile; fileRef = D24D83292CEF1BB700E5BF8E /* AppEnvironment.swift */; };
		D24D83322CEF203E00E5BF8E /* HelloCoffeeE2ETests.swift in Sources */ = {isa = PBXBuildFile; fileRef = D24D83312CEF203E00E5BF8E /* HelloCoffeeE2ETests.swift */; };
		D24D833B2CEF23C500E5BF8E /* AddOrUpdateCoffeeView.swift in Sources */ = {isa = PBXBuildFile; fileRef = D24D833A2CEF23C500E5BF8E /* AddOrUpdateCoffeeView.swift */; };
		D24D833D2CEF2ED700E5BF8E /* View+Extensions.swift in Sources */ = {isa = PBXBuildFile; fileRef = D24D833C2CEF2ED700E5BF8E /* View+Extensions.swift */; };
		D24D833F2CEF31B900E5BF8E /* String+Extensions.swift in Sources */ = {isa = PBXBuildFile; fileRef = D24D833E2CEF31B900E5BF8E /* String+Extensions.swift */; };
		D24D83412CF3205500E5BF8E /* OrderDetailView.swift in Sources */ = {isa = PBXBuildFile; fileRef = D24D83402CF3205500E5BF8E /* OrderDetailView.swift */; };
/* End PBXBuildFile section */

/* Begin PBXContainerItemProxy section */
		D24D83352CEF203E00E5BF8E /* PBXContainerItemProxy */ = {
			isa = PBXContainerItemProxy;
			containerPortal = D24D83012CEF134A00E5BF8E /* Project object */;
			proxyType = 1;
			remoteGlobalIDString = D24D83082CEF134A00E5BF8E;
			remoteInfo = HelloCoffee;
		};
/* End PBXContainerItemProxy section */

/* Begin PBXFileReference section */
		D24D83092CEF134A00E5BF8E /* HelloCoffee.app */ = {isa = PBXFileReference; explicitFileType = wrapper.application; includeInIndex = 0; path = HelloCoffee.app; sourceTree = BUILT_PRODUCTS_DIR; };
		D24D830C2CEF134A00E5BF8E /* HelloCoffeeApp.swift */ = {isa = PBXFileReference; lastKnownFileType = sourcecode.swift; path = HelloCoffeeApp.swift; sourceTree = "<group>"; };
		D24D830E2CEF134A00E5BF8E /* ContentView.swift */ = {isa = PBXFileReference; lastKnownFileType = sourcecode.swift; path = ContentView.swift; sourceTree = "<group>"; };
		D24D83102CEF134C00E5BF8E /* Assets.xcassets */ = {isa = PBXFileReference; lastKnownFileType = folder.assetcatalog; path = Assets.xcassets; sourceTree = "<group>"; };
		D24D83132CEF134C00E5BF8E /* Preview Assets.xcassets */ = {isa = PBXFileReference; lastKnownFileType = folder.assetcatalog; path = "Preview Assets.xcassets"; sourceTree = "<group>"; };
		D24D831B2CEF136600E5BF8E /* WebService.swift */ = {isa = PBXFileReference; lastKnownFileType = sourcecode.swift; path = WebService.swift; sourceTree = "<group>"; };
		D24D831E2CEF13B900E5BF8E /* Order.swift */ = {isa = PBXFileReference; lastKnownFileType = sourcecode.swift; path = Order.swift; sourceTree = "<group>"; };
		D24D83202CEF163B00E5BF8E /* CoffeeModel.swift */ = {isa = PBXFileReference; lastKnownFileType = sourcecode.swift; path = CoffeeModel.swift; sourceTree = "<group>"; };
		D24D83232CEF1ABA00E5BF8E /* NumberFormatter+Extensions.swift */ = {isa = PBXFileReference; lastKnownFileType = sourcecode.swift; path = "NumberFormatter+Extensions.swift"; sourceTree = "<group>"; };
		D24D83262CEF1B3100E5BF8E /* OrderCellView.swift */ = {isa = PBXFileReference; lastKnownFileType = sourcecode.swift; path = OrderCellView.swift; sourceTree = "<group>"; };
		D24D83292CEF1BB700E5BF8E /* AppEnvironment.swift */ = {isa = PBXFileReference; lastKnownFileType = sourcecode.swift; path = AppEnvironment.swift; sourceTree = "<group>"; };
		D24D832F2CEF203E00E5BF8E /* HelloCoffeeE2ETests.xctest */ = {isa = PBXFileReference; explicitFileType = wrapper.cfbundle; includeInIndex = 0; path = HelloCoffeeE2ETests.xctest; sourceTree = BUILT_PRODUCTS_DIR; };
		D24D83312CEF203E00E5BF8E /* HelloCoffeeE2ETests.swift */ = {isa = PBXFileReference; lastKnownFileType = sourcecode.swift; path = HelloCoffeeE2ETests.swift; sourceTree = "<group>"; };
		D24D833A2CEF23C500E5BF8E /* AddOrUpdateCoffeeView.swift */ = {isa = PBXFileReference; lastKnownFileType = sourcecode.swift; path = AddOrUpdateCoffeeView.swift; sourceTree = "<group>"; };
		D24D833C2CEF2ED700E5BF8E /* View+Extensions.swift */ = {isa = PBXFileReference; lastKnownFileType = sourcecode.swift; path = "View+Extensions.swift"; sourceTree = "<group>"; };
		D24D833E2CEF31B900E5BF8E /* String+Extensions.swift */ = {isa = PBXFileReference; lastKnownFileType = sourcecode.swift; path = "String+Extensions.swift"; sourceTree = "<group>"; };
		D24D83402CF3205500E5BF8E /* OrderDetailView.swift */ = {isa = PBXFileReference; lastKnownFileType = sourcecode.swift; path = OrderDetailView.swift; sourceTree = "<group>"; };
/* End PBXFileReference section */

/* Begin PBXFrameworksBuildPhase section */
		D24D83062CEF134A00E5BF8E /* Frameworks */ = {
			isa = PBXFrameworksBuildPhase;
			buildActionMask = 2147483647;
			files = (
			);
			runOnlyForDeploymentPostprocessing = 0;
		};
		D24D832C2CEF203E00E5BF8E /* Frameworks */ = {
			isa = PBXFrameworksBuildPhase;
			buildActionMask = 2147483647;
			files = (
			);
			runOnlyForDeploymentPostprocessing = 0;
		};
/* End PBXFrameworksBuildPhase section */

/* Begin PBXGroup section */
		D24D83002CEF134A00E5BF8E = {
			isa = PBXGroup;
			children = (
				D24D830B2CEF134A00E5BF8E /* HelloCoffee */,
				D24D83302CEF203E00E5BF8E /* HelloCoffeeE2ETests */,
				D24D830A2CEF134A00E5BF8E /* Products */,
			);
			sourceTree = "<group>";
		};
		D24D830A2CEF134A00E5BF8E /* Products */ = {
			isa = PBXGroup;
			children = (
				D24D83092CEF134A00E5BF8E /* HelloCoffee.app */,
				D24D832F2CEF203E00E5BF8E /* HelloCoffeeE2ETests.xctest */,
			);
			name = Products;
			sourceTree = "<group>";
		};
		D24D830B2CEF134A00E5BF8E /* HelloCoffee */ = {
			isa = PBXGroup;
			children = (
				D24D83282CEF1BAA00E5BF8E /* Utils */,
				D24D83252CEF1B2500E5BF8E /* Views */,
				D24D83222CEF1AA700E5BF8E /* Extensions */,
				D24D831D2CEF13AB00E5BF8E /* Models */,
				D24D831A2CEF135D00E5BF8E /* Services */,
				D24D830C2CEF134A00E5BF8E /* HelloCoffeeApp.swift */,
				D24D830E2CEF134A00E5BF8E /* ContentView.swift */,
				D24D83102CEF134C00E5BF8E /* Assets.xcassets */,
				D24D83122CEF134C00E5BF8E /* Preview Content */,
			);
			path = HelloCoffee;
			sourceTree = "<group>";
		};
		D24D83122CEF134C00E5BF8E /* Preview Content */ = {
			isa = PBXGroup;
			children = (
				D24D83132CEF134C00E5BF8E /* Preview Assets.xcassets */,
			);
			path = "Preview Content";
			sourceTree = "<group>";
		};
		D24D831A2CEF135D00E5BF8E /* Services */ = {
			isa = PBXGroup;
			children = (
				D24D831B2CEF136600E5BF8E /* WebService.swift */,
			);
			path = Services;
			sourceTree = "<group>";
		};
		D24D831D2CEF13AB00E5BF8E /* Models */ = {
			isa = PBXGroup;
			children = (
				D24D831E2CEF13B900E5BF8E /* Order.swift */,
				D24D83202CEF163B00E5BF8E /* CoffeeModel.swift */,
			);
			path = Models;
			sourceTree = "<group>";
		};
		D24D83222CEF1AA700E5BF8E /* Extensions */ = {
			isa = PBXGroup;
			children = (
				D24D83232CEF1ABA00E5BF8E /* NumberFormatter+Extensions.swift */,
				D24D833C2CEF2ED700E5BF8E /* View+Extensions.swift */,
				D24D833E2CEF31B900E5BF8E /* String+Extensions.swift */,
			);
			path = Extensions;
			sourceTree = "<group>";
		};
		D24D83252CEF1B2500E5BF8E /* Views */ = {
			isa = PBXGroup;
			children = (
				D24D83262CEF1B3100E5BF8E /* OrderCellView.swift */,
				D24D833A2CEF23C500E5BF8E /* AddOrUpdateCoffeeView.swift */,
				D24D83402CF3205500E5BF8E /* OrderDetailView.swift */,
			);
			path = Views;
			sourceTree = "<group>";
		};
		D24D83282CEF1BAA00E5BF8E /* Utils */ = {
			isa = PBXGroup;
			children = (
				D24D83292CEF1BB700E5BF8E /* AppEnvironment.swift */,
			);
			path = Utils;
			sourceTree = "<group>";
		};
		D24D83302CEF203E00E5BF8E /* HelloCoffeeE2ETests */ = {
			isa = PBXGroup;
			children = (
				D24D83312CEF203E00E5BF8E /* HelloCoffeeE2ETests.swift */,
			);
			path = HelloCoffeeE2ETests;
			sourceTree = "<group>";
		};
/* End PBXGroup section */

/* Begin PBXNativeTarget section */
		D24D83082CEF134A00E5BF8E /* HelloCoffee */ = {
			isa = PBXNativeTarget;
			buildConfigurationList = D24D83172CEF134C00E5BF8E /* Build configuration list for PBXNativeTarget "HelloCoffee" */;
			buildPhases = (
				D24D83052CEF134A00E5BF8E /* Sources */,
				D24D83062CEF134A00E5BF8E /* Frameworks */,
				D24D83072CEF134A00E5BF8E /* Resources */,
			);
			buildRules = (
			);
			dependencies = (
			);
			name = HelloCoffee;
			productName = HelloCoffee;
			productReference = D24D83092CEF134A00E5BF8E /* HelloCoffee.app */;
			productType = "com.apple.product-type.application";
		};
		D24D832E2CEF203E00E5BF8E /* HelloCoffeeE2ETests */ = {
			isa = PBXNativeTarget;
			buildConfigurationList = D24D83372CEF203E00E5BF8E /* Build configuration list for PBXNativeTarget "HelloCoffeeE2ETests" */;
			buildPhases = (
				D24D832B2CEF203E00E5BF8E /* Sources */,
				D24D832C2CEF203E00E5BF8E /* Frameworks */,
				D24D832D2CEF203E00E5BF8E /* Resources */,
			);
			buildRules = (
			);
			dependencies = (
				D24D83362CEF203E00E5BF8E /* PBXTargetDependency */,
			);
			name = HelloCoffeeE2ETests;
			productName = HelloCoffeeE2ETests;
			productReference = D24D832F2CEF203E00E5BF8E /* HelloCoffeeE2ETests.xctest */;
			productType = "com.apple.product-type.bundle.ui-testing";
		};
/* End PBXNativeTarget section */

/* Begin PBXProject section */
		D24D83012CEF134A00E5BF8E /* Project object */ = {
			isa = PBXProject;
			attributes = {
				BuildIndependentTargetsInParallel = 1;
				LastSwiftUpdateCheck = 1540;
				LastUpgradeCheck = 1540;
				TargetAttributes = {
					D24D83082CEF134A00E5BF8E = {
						CreatedOnToolsVersion = 15.4;
					};
					D24D832E2CEF203E00E5BF8E = {
						CreatedOnToolsVersion = 15.4;
						TestTargetID = D24D83082CEF134A00E5BF8E;
					};
				};
			};
			buildConfigurationList = D24D83042CEF134A00E5BF8E /* Build configuration list for PBXProject "HelloCoffee" */;
			compatibilityVersion = "Xcode 14.0";
			developmentRegion = en;
			hasScannedForEncodings = 0;
			knownRegions = (
				en,
				Base,
			);
			mainGroup = D24D83002CEF134A00E5BF8E;
			productRefGroup = D24D830A2CEF134A00E5BF8E /* Products */;
			projectDirPath = "";
			projectRoot = "";
			targets = (
				D24D83082CEF134A00E5BF8E /* HelloCoffee */,
				D24D832E2CEF203E00E5BF8E /* HelloCoffeeE2ETests */,
			);
		};
/* End PBXProject section */

/* Begin PBXResourcesBuildPhase section */
		D24D83072CEF134A00E5BF8E /* Resources */ = {
			isa = PBXResourcesBuildPhase;
			buildActionMask = 2147483647;
			files = (
				D24D83142CEF134C00E5BF8E /* Preview Assets.xcassets in Resources */,
				D24D83112CEF134C00E5BF8E /* Assets.xcassets in Resources */,
			);
			runOnlyForDeploymentPostprocessing = 0;
		};
		D24D832D2CEF203E00E5BF8E /* Resources */ = {
			isa = PBXResourcesBuildPhase;
			buildActionMask = 2147483647;
			files = (
			);
			runOnlyForDeploymentPostprocessing = 0;
		};
/* End PBXResourcesBuildPhase section */

/* Begin PBXSourcesBuildPhase section */
		D24D83052CEF134A00E5BF8E /* Sources */ = {
			isa = PBXSourcesBuildPhase;
			buildActionMask = 2147483647;
			files = (
				D24D831C2CEF136600E5BF8E /* WebService.swift in Sources */,
				D24D833F2CEF31B900E5BF8E /* String+Extensions.swift in Sources */,
				D24D83412CF3205500E5BF8E /* OrderDetailView.swift in Sources */,
				D24D83272CEF1B3100E5BF8E /* OrderCellView.swift in Sources */,
				D24D83212CEF163B00E5BF8E /* CoffeeModel.swift in Sources */,
				D24D83242CEF1ABA00E5BF8E /* NumberFormatter+Extensions.swift in Sources */,
				D24D833B2CEF23C500E5BF8E /* AddOrUpdateCoffeeView.swift in Sources */,
				D24D830F2CEF134A00E5BF8E /* ContentView.swift in Sources */,
				D24D832A2CEF1BB700E5BF8E /* AppEnvironment.swift in Sources */,
				D24D831F2CEF13B900E5BF8E /* Order.swift in Sources */,
				D24D833D2CEF2ED700E5BF8E /* View+Extensions.swift in Sources */,
				D24D830D2CEF134A00E5BF8E /* HelloCoffeeApp.swift in Sources */,
			);
			runOnlyForDeploymentPostprocessing = 0;
		};
		D24D832B2CEF203E00E5BF8E /* Sources */ = {
			isa = PBXSourcesBuildPhase;
			buildActionMask = 2147483647;
			files = (
				D24D83322CEF203E00E5BF8E /* HelloCoffeeE2ETests.swift in Sources */,
			);
			runOnlyForDeploymentPostprocessing = 0;
		};
/* End PBXSourcesBuildPhase section */

/* Begin PBXTargetDependency section */
		D24D83362CEF203E00E5BF8E /* PBXTargetDependency */ = {
			isa = PBXTargetDependency;
			target = D24D83082CEF134A00E5BF8E /* HelloCoffee */;
			targetProxy = D24D83352CEF203E00E5BF8E /* PBXContainerItemProxy */;
		};
/* End PBXTargetDependency section */

/* Begin XCBuildConfiguration section */
		D24D83152CEF134C00E5BF8E /* Debug */ = {
			isa = XCBuildConfiguration;
			buildSettings = {
				ALWAYS_SEARCH_USER_PATHS = NO;
				ASSETCATALOG_COMPILER_GENERATE_SWIFT_ASSET_SYMBOL_EXTENSIONS = YES;
				CLANG_ANALYZER_NONNULL = YES;
				CLANG_ANALYZER_NUMBER_OBJECT_CONVERSION = YES_AGGRESSIVE;
				CLANG_CXX_LANGUAGE_STANDARD = "gnu++20";
				CLANG_ENABLE_MODULES = YES;
				CLANG_ENABLE_OBJC_ARC = YES;
				CLANG_ENABLE_OBJC_WEAK = YES;
				CLANG_WARN_BLOCK_CAPTURE_AUTORELEASING = YES;
				CLANG_WARN_BOOL_CONVERSION = YES;
				CLANG_WARN_COMMA = YES;
				CLANG_WARN_CONSTANT_CONVERSION = YES;
				CLANG_WARN_DEPRECATED_OBJC_IMPLEMENTATIONS = YES;
				CLANG_WARN_DIRECT_OBJC_ISA_USAGE = YES_ERROR;
				CLANG_WARN_DOCUMENTATION_COMMENTS = YES;
				CLANG_WARN_EMPTY_BODY = YES;
				CLANG_WARN_ENUM_CONVERSION = YES;
				CLANG_WARN_INFINITE_RECURSION = YES;
				CLANG_WARN_INT_CONVERSION = YES;
				CLANG_WARN_NON_LITERAL_NULL_CONVERSION = YES;
				CLANG_WARN_OBJC_IMPLICIT_RETAIN_SELF = YES;
				CLANG_WARN_OBJC_LITERAL_CONVERSION = YES;
				CLANG_WARN_OBJC_ROOT_CLASS = YES_ERROR;
				CLANG_WARN_QUOTED_INCLUDE_IN_FRAMEWORK_HEADER = YES;
				CLANG_WARN_RANGE_LOOP_ANALYSIS = YES;
				CLANG_WARN_STRICT_PROTOTYPES = YES;
				CLANG_WARN_SUSPICIOUS_MOVE = YES;
				CLANG_WARN_UNGUARDED_AVAILABILITY = YES_AGGRESSIVE;
				CLANG_WARN_UNREACHABLE_CODE = YES;
				CLANG_WARN__DUPLICATE_METHOD_MATCH = YES;
				COPY_PHASE_STRIP = NO;
				DEBUG_INFORMATION_FORMAT = dwarf;
				ENABLE_STRICT_OBJC_MSGSEND = YES;
				ENABLE_TESTABILITY = YES;
				ENABLE_USER_SCRIPT_SANDBOXING = YES;
				GCC_C_LANGUAGE_STANDARD = gnu17;
				GCC_DYNAMIC_NO_PIC = NO;
				GCC_NO_COMMON_BLOCKS = YES;
				GCC_OPTIMIZATION_LEVEL = 0;
				GCC_PREPROCESSOR_DEFINITIONS = (
					"DEBUG=1",
					"$(inherited)",
				);
				GCC_WARN_64_TO_32_BIT_CONVERSION = YES;
				GCC_WARN_ABOUT_RETURN_TYPE = YES_ERROR;
				GCC_WARN_UNDECLARED_SELECTOR = YES;
				GCC_WARN_UNINITIALIZED_AUTOS = YES_AGGRESSIVE;
				GCC_WARN_UNUSED_FUNCTION = YES;
				GCC_WARN_UNUSED_VARIABLE = YES;
				IPHONEOS_DEPLOYMENT_TARGET = 17.5;
				LOCALIZATION_PREFERS_STRING_CATALOGS = YES;
				MTL_ENABLE_DEBUG_INFO = INCLUDE_SOURCE;
				MTL_FAST_MATH = YES;
				ONLY_ACTIVE_ARCH = YES;
				SDKROOT = iphoneos;
				SWIFT_ACTIVE_COMPILATION_CONDITIONS = "DEBUG $(inherited)";
				SWIFT_OPTIMIZATION_LEVEL = "-Onone";
			};
			name = Debug;
		};
		D24D83162CEF134C00E5BF8E /* Release */ = {
			isa = XCBuildConfiguration;
			buildSettings = {
				ALWAYS_SEARCH_USER_PATHS = NO;
				ASSETCATALOG_COMPILER_GENERATE_SWIFT_ASSET_SYMBOL_EXTENSIONS = YES;
				CLANG_ANALYZER_NONNULL = YES;
				CLANG_ANALYZER_NUMBER_OBJECT_CONVERSION = YES_AGGRESSIVE;
				CLANG_CXX_LANGUAGE_STANDARD = "gnu++20";
				CLANG_ENABLE_MODULES = YES;
				CLANG_ENABLE_OBJC_ARC = YES;
				CLANG_ENABLE_OBJC_WEAK = YES;
				CLANG_WARN_BLOCK_CAPTURE_AUTORELEASING = YES;
				CLANG_WARN_BOOL_CONVERSION = YES;
				CLANG_WARN_COMMA = YES;
				CLANG_WARN_CONSTANT_CONVERSION = YES;
				CLANG_WARN_DEPRECATED_OBJC_IMPLEMENTATIONS = YES;
				CLANG_WARN_DIRECT_OBJC_ISA_USAGE = YES_ERROR;
				CLANG_WARN_DOCUMENTATION_COMMENTS = YES;
				CLANG_WARN_EMPTY_BODY = YES;
				CLANG_WARN_ENUM_CONVERSION = YES;
				CLANG_WARN_INFINITE_RECURSION = YES;
				CLANG_WARN_INT_CONVERSION = YES;
				CLANG_WARN_NON_LITERAL_NULL_CONVERSION = YES;
				CLANG_WARN_OBJC_IMPLICIT_RETAIN_SELF = YES;
				CLANG_WARN_OBJC_LITERAL_CONVERSION = YES;
				CLANG_WARN_OBJC_ROOT_CLASS = YES_ERROR;
				CLANG_WARN_QUOTED_INCLUDE_IN_FRAMEWORK_HEADER = YES;
				CLANG_WARN_RANGE_LOOP_ANALYSIS = YES;
				CLANG_WARN_STRICT_PROTOTYPES = YES;
				CLANG_WARN_SUSPICIOUS_MOVE = YES;
				CLANG_WARN_UNGUARDED_AVAILABILITY = YES_AGGRESSIVE;
				CLANG_WARN_UNREACHABLE_CODE = YES;
				CLANG_WARN__DUPLICATE_METHOD_MATCH = YES;
				COPY_PHASE_STRIP = NO;
				DEBUG_INFORMATION_FORMAT = "dwarf-with-dsym";
				ENABLE_NS_ASSERTIONS = NO;
				ENABLE_STRICT_OBJC_MSGSEND = YES;
				ENABLE_USER_SCRIPT_SANDBOXING = YES;
				GCC_C_LANGUAGE_STANDARD = gnu17;
				GCC_NO_COMMON_BLOCKS = YES;
				GCC_WARN_64_TO_32_BIT_CONVERSION = YES;
				GCC_WARN_ABOUT_RETURN_TYPE = YES_ERROR;
				GCC_WARN_UNDECLARED_SELECTOR = YES;
				GCC_WARN_UNINITIALIZED_AUTOS = YES_AGGRESSIVE;
				GCC_WARN_UNUSED_FUNCTION = YES;
				GCC_WARN_UNUSED_VARIABLE = YES;
				IPHONEOS_DEPLOYMENT_TARGET = 17.5;
				LOCALIZATION_PREFERS_STRING_CATALOGS = YES;
				MTL_ENABLE_DEBUG_INFO = NO;
				MTL_FAST_MATH = YES;
				SDKROOT = iphoneos;
				SWIFT_COMPILATION_MODE = wholemodule;
				VALIDATE_PRODUCT = YES;
			};
			name = Release;
		};
		D24D83182CEF134C00E5BF8E /* Debug */ = {
			isa = XCBuildConfiguration;
			buildSettings = {
				ASSETCATALOG_COMPILER_APPICON_NAME = AppIcon;
				ASSETCATALOG_COMPILER_GLOBAL_ACCENT_COLOR_NAME = AccentColor;
				CODE_SIGN_STYLE = Automatic;
				CURRENT_PROJECT_VERSION = 1;
				DEVELOPMENT_ASSET_PATHS = "\"HelloCoffee/Preview Content\"";
				DEVELOPMENT_TEAM = A4VS9W3DA9;
				ENABLE_PREVIEWS = YES;
				GENERATE_INFOPLIST_FILE = YES;
				INFOPLIST_KEY_UIApplicationSceneManifest_Generation = YES;
				INFOPLIST_KEY_UIApplicationSupportsIndirectInputEvents = YES;
				INFOPLIST_KEY_UILaunchScreen_Generation = YES;
				INFOPLIST_KEY_UISupportedInterfaceOrientations_iPad = "UIInterfaceOrientationPortrait UIInterfaceOrientationPortraitUpsideDown UIInterfaceOrientationLandscapeLeft UIInterfaceOrientationLandscapeRight";
				INFOPLIST_KEY_UISupportedInterfaceOrientations_iPhone = "UIInterfaceOrientationPortrait UIInterfaceOrientationLandscapeLeft UIInterfaceOrientationLandscapeRight";
				LD_RUNPATH_SEARCH_PATHS = (
					"$(inherited)",
					"@executable_path/Frameworks",
				);
				MARKETING_VERSION = 1.0;
				PRODUCT_BUNDLE_IDENTIFIER = com.dj.www.HelloCoffee;
				PRODUCT_NAME = "$(TARGET_NAME)";
				SWIFT_EMIT_LOC_STRINGS = YES;
				SWIFT_VERSION = 5.0;
				TARGETED_DEVICE_FAMILY = "1,2";
			};
			name = Debug;
		};
		D24D83192CEF134C00E5BF8E /* Release */ = {
			isa = XCBuildConfiguration;
			buildSettings = {
				ASSETCATALOG_COMPILER_APPICON_NAME = AppIcon;
				ASSETCATALOG_COMPILER_GLOBAL_ACCENT_COLOR_NAME = AccentColor;
				CODE_SIGN_STYLE = Automatic;
				CURRENT_PROJECT_VERSION = 1;
				DEVELOPMENT_ASSET_PATHS = "\"HelloCoffee/Preview Content\"";
				DEVELOPMENT_TEAM = A4VS9W3DA9;
				ENABLE_PREVIEWS = YES;
				GENERATE_INFOPLIST_FILE = YES;
				INFOPLIST_KEY_UIApplicationSceneManifest_Generation = YES;
				INFOPLIST_KEY_UIApplicationSupportsIndirectInputEvents = YES;
				INFOPLIST_KEY_UILaunchScreen_Generation = YES;
				INFOPLIST_KEY_UISupportedInterfaceOrientations_iPad = "UIInterfaceOrientationPortrait UIInterfaceOrientationPortraitUpsideDown UIInterfaceOrientationLandscapeLeft UIInterfaceOrientationLandscapeRight";
				INFOPLIST_KEY_UISupportedInterfaceOrientations_iPhone = "UIInterfaceOrientationPortrait UIInterfaceOrientationLandscapeLeft UIInterfaceOrientationLandscapeRight";
				LD_RUNPATH_SEARCH_PATHS = (
					"$(inherited)",
					"@executable_path/Frameworks",
				);
				MARKETING_VERSION = 1.0;
				PRODUCT_BUNDLE_IDENTIFIER = com.dj.www.HelloCoffee;
				PRODUCT_NAME = "$(TARGET_NAME)";
				SWIFT_EMIT_LOC_STRINGS = YES;
				SWIFT_VERSION = 5.0;
				TARGETED_DEVICE_FAMILY = "1,2";
			};
			name = Release;
		};
		D24D83382CEF203E00E5BF8E /* Debug */ = {
			isa = XCBuildConfiguration;
			buildSettings = {
				CODE_SIGN_STYLE = Automatic;
				CURRENT_PROJECT_VERSION = 1;
				DEVELOPMENT_TEAM = A4VS9W3DA9;
				GENERATE_INFOPLIST_FILE = YES;
				MARKETING_VERSION = 1.0;
				PRODUCT_BUNDLE_IDENTIFIER = com.dj.www.HelloCoffeeE2ETests;
				PRODUCT_NAME = "$(TARGET_NAME)";
				SWIFT_EMIT_LOC_STRINGS = NO;
				SWIFT_VERSION = 5.0;
				TARGETED_DEVICE_FAMILY = "1,2";
				TEST_TARGET_NAME = HelloCoffee;
			};
			name = Debug;
		};
		D24D83392CEF203E00E5BF8E /* Release */ = {
			isa = XCBuildConfiguration;
			buildSettings = {
				CODE_SIGN_STYLE = Automatic;
				CURRENT_PROJECT_VERSION = 1;
				DEVELOPMENT_TEAM = A4VS9W3DA9;
				GENERATE_INFOPLIST_FILE = YES;
				MARKETING_VERSION = 1.0;
				PRODUCT_BUNDLE_IDENTIFIER = com.dj.www.HelloCoffeeE2ETests;
				PRODUCT_NAME = "$(TARGET_NAME)";
				SWIFT_EMIT_LOC_STRINGS = NO;
				SWIFT_VERSION = 5.0;
				TARGETED_DEVICE_FAMILY = "1,2";
				TEST_TARGET_NAME = HelloCoffee;
			};
			name = Release;
		};
/* End XCBuildConfiguration section */

/* Begin XCConfigurationList section */
		D24D83042CEF134A00E5BF8E /* Build configuration list for PBXProject "HelloCoffee" */ = {
			isa = XCConfigurationList;
			buildConfigurations = (
				D24D83152CEF134C00E5BF8E /* Debug */,
				D24D83162CEF134C00E5BF8E /* Release */,
			);
			defaultConfigurationIsVisible = 0;
			defaultConfigurationName = Release;
		};
		D24D83172CEF134C00E5BF8E /* Build configuration list for PBXNativeTarget "HelloCoffee" */ = {
			isa = XCConfigurationList;
			buildConfigurations = (
				D24D83182CEF134C00E5BF8E /* Debug */,
				D24D83192CEF134C00E5BF8E /* Release */,
			);
			defaultConfigurationIsVisible = 0;
			defaultConfigurationName = Release;
		};
		D24D83372CEF203E00E5BF8E /* Build configuration list for PBXNativeTarget "HelloCoffeeE2ETests" */ = {
			isa = XCConfigurationList;
			buildConfigurations = (
				D24D83382CEF203E00E5BF8E /* Debug */,
				D24D83392CEF203E00E5BF8E /* Release */,
			);
			defaultConfigurationIsVisible = 0;
			defaultConfigurationName = Release;
		};
/* End XCConfigurationList section */
	};
	rootObject = D24D83012CEF134A00E5BF8E /* Project object */;
}
